
Microsoft Visual Studio Solution File, Format Version 12.00
Project("{FAE04EC0-301F-11D3-BF4B-00C04F79EFBC}") = "FinalProject.Domain", "FinalProject.Domain\FinalProject.Domain.csproj", "{63B677AD-9D7D-41AC-906F-DD81328B96D0}"
EndProject
Project("{FAE04EC0-301F-11D3-BF4B-00C04F79EFBC}") = "FinalProject.Application", "FinalProject.Application\FinalProject.Application.csproj", "{0386E77B-759F-45A6-98A3-738C1D0A28AB}"
EndProject
Project("{FAE04EC0-301F-11D3-BF4B-00C04F79EFBC}") = "FinalProject.Infrastructure", "FinalProject.Infrastructure\FinalProject.Infrastructure.csproj", "{9F56D411-F552-4DD7-91A2-9901A14FF438}"
EndProject
Project("{FAE04EC0-301F-11D3-BF4B-00C04F79EFBC}") = "FinalProject.API", "FinalProject.API\FinalProject.API.csproj", "{3C5DBD6C-092D-4D4C-BBF3-9D37E8403498}"
EndProject
Global
	GlobalSection(SolutionConfigurationPlatforms) = preSolution
		Debug|Any CPU = Debug|Any CPU
		Debug|x64 = Debug|x64
		Debug|x86 = Debug|x86
		Release|Any CPU = Release|Any CPU
		Release|x64 = Release|x64
		Release|x86 = Release|x86
	EndGlobalSection
	GlobalSection(ProjectConfigurationPlatforms) = postSolution
		{63B677AD-9D7D-41AC-906F-DD81328B96D0}.Debug|Any CPU.ActiveCfg = Debug|Any CPU
		{63B677AD-9D7D-41AC-906F-DD81328B96D0}.Debug|Any CPU.Build.0 = Debug|Any CPU
		{63B677AD-9D7D-41AC-906F-DD81328B96D0}.Debug|x64.ActiveCfg = Debug|Any CPU
		{63B677AD-9D7D-41AC-906F-DD81328B96D0}.Debug|x64.Build.0 = Debug|Any CPU
		{63B677AD-9D7D-41AC-906F-DD81328B96D0}.Debug|x86.ActiveCfg = Debug|Any CPU
		{63B677AD-9D7D-41AC-906F-DD81328B96D0}.Debug|x86.Build.0 = Debug|Any CPU
		{63B677AD-9D7D-41AC-906F-DD81328B96D0}.Release|Any CPU.ActiveCfg = Release|Any CPU
		{63B677AD-9D7D-41AC-906F-DD81328B96D0}.Release|Any CPU.Build.0 = Release|Any CPU
		{63B677AD-9D7D-41AC-906F-DD81328B96D0}.Release|x64.ActiveCfg = Release|Any CPU
		{63B677AD-9D7D-41AC-906F-DD81328B96D0}.Release|x64.Build.0 = Release|Any CPU
		{63B677AD-9D7D-41AC-906F-DD81328B96D0}.Release|x86.ActiveCfg = Release|Any CPU
		{63B677AD-9D7D-41AC-906F-DD81328B96D0}.Release|x86.Build.0 = Release|Any CPU
		{0386E77B-759F-45A6-98A3-738C1D0A28AB}.Debug|Any CPU.ActiveCfg = Debug|Any CPU
		{0386E77B-759F-45A6-98A3-738C1D0A28AB}.Debug|Any CPU.Build.0 = Debug|Any CPU
		{0386E77B-759F-45A6-98A3-738C1D0A28AB}.Debug|x64.ActiveCfg = Debug|Any CPU
		{0386E77B-759F-45A6-98A3-738C1D0A28AB}.Debug|x64.Build.0 = Debug|Any CPU
		{0386E77B-759F-45A6-98A3-738C1D0A28AB}.Debug|x86.ActiveCfg = Debug|Any CPU
		{0386E77B-759F-45A6-98A3-738C1D0A28AB}.Debug|x86.Build.0 = Debug|Any CPU
		{0386E77B-759F-45A6-98A3-738C1D0A28AB}.Release|Any CPU.ActiveCfg = Release|Any CPU
		{0386E77B-759F-45A6-98A3-738C1D0A28AB}.Release|Any CPU.Build.0 = Release|Any CPU
		{0386E77B-759F-45A6-98A3-738C1D0A28AB}.Release|x64.ActiveCfg = Release|Any CPU
		{0386E77B-759F-45A6-98A3-738C1D0A28AB}.Release|x64.Build.0 = Release|Any CPU
		{0386E77B-759F-45A6-98A3-738C1D0A28AB}.Release|x86.ActiveCfg = Release|Any CPU
		{0386E77B-759F-45A6-98A3-738C1D0A28AB}.Release|x86.Build.0 = Release|Any CPU
		{9F56D411-F552-4DD7-91A2-9901A14FF438}.Debug|Any CPU.ActiveCfg = Debug|Any CPU
		{9F56D411-F552-4DD7-91A2-9901A14FF438}.Debug|Any CPU.Build.0 = Debug|Any CPU
		{9F56D411-F552-4DD7-91A2-9901A14FF438}.Debug|x64.ActiveCfg = Debug|Any CPU
		{9F56D411-F552-4DD7-91A2-9901A14FF438}.Debug|x64.Build.0 = Debug|Any CPU
		{9F56D411-F552-4DD7-91A2-9901A14FF438}.Debug|x86.ActiveCfg = Debug|Any CPU
		{9F56D411-F552-4DD7-91A2-9901A14FF438}.Debug|x86.Build.0 = Debug|Any CPU
		{9F56D411-F552-4DD7-91A2-9901A14FF438}.Release|Any CPU.ActiveCfg = Release|Any CPU
		{9F56D411-F552-4DD7-91A2-9901A14FF438}.Release|Any CPU.Build.0 = Release|Any CPU
		{9F56D411-F552-4DD7-91A2-9901A14FF438}.Release|x64.ActiveCfg = Release|Any CPU
		{9F56D411-F552-4DD7-91A2-9901A14FF438}.Release|x64.Build.0 = Release|Any CPU
		{9F56D411-F552-4DD7-91A2-9901A14FF438}.Release|x86.ActiveCfg = Release|Any CPU
		{9F56D411-F552-4DD7-91A2-9901A14FF438}.Release|x86.Build.0 = Release|Any CPU
		{3C5DBD6C-092D-4D4C-BBF3-9D37E8403498}.Debug|Any CPU.ActiveCfg = Debug|Any CPU
		{3C5DBD6C-092D-4D4C-BBF3-9D37E8403498}.Debug|Any CPU.Build.0 = Debug|Any CPU
		{3C5DBD6C-092D-4D4C-BBF3-9D37E8403498}.Debug|x64.ActiveCfg = Debug|Any CPU
		{3C5DBD6C-092D-4D4C-BBF3-9D37E8403498}.Debug|x64.Build.0 = Debug|Any CPU
		{3C5DBD6C-092D-4D4C-BBF3-9D37E8403498}.Debug|x86.ActiveCfg = Debug|Any CPU
		{3C5DBD6C-092D-4D4C-BBF3-9D37E8403498}.Debug|x86.Build.0 = Debug|Any CPU
		{3C5DBD6C-092D-4D4C-BBF3-9D37E8403498}.Release|Any CPU.ActiveCfg = Release|Any CPU
		{3C5DBD6C-092D-4D4C-BBF3-9D37E8403498}.Release|Any CPU.Build.0 = Release|Any CPU
		{3C5DBD6C-092D-4D4C-BBF3-9D37E8403498}.Release|x64.ActiveCfg = Release|Any CPU
		{3C5DBD6C-092D-4D4C-BBF3-9D37E8403498}.Release|x64.Build.0 = Release|Any CPU
		{3C5DBD6C-092D-4D4C-BBF3-9D37E8403498}.Release|x86.ActiveCfg = Release|Any CPU
		{3C5DBD6C-092D-4D4C-BBF3-9D37E8403498}.Release|x86.Build.0 = Release|Any CPU
	EndGlobalSection
	GlobalSection(SolutionProperties) = preSolution
		HideSolutionNode = FALSE
	EndGlobalSection
EndGlobal
